
Microsoft Visual Studio Solution File, Format Version 12.00
# Visual Studio Version 16
VisualStudioVersion = 16.0.31424.327
MinimumVisualStudioVersion = 10.0.40219.1
Project("{FAE04EC0-301F-11D3-BF4B-00C04F79EFBC}") = "Hospital_Management_System", "Hospital_Management_System\Hospital_Management_System.csproj", "{6473DEA7-9898-4E6E-9FAA-AD75FEF7A5BC}"
EndProject
Project("{FAE04EC0-301F-11D3-BF4B-00C04F79EFBC}") = "Hospital Library", "Hospital Library\Hospital Library.csproj", "{A5628EA9-3E1A-4333-8D93-7C0DABD33D0C}"
EndProject
Project("{FAE04EC0-301F-11D3-BF4B-00C04F79EFBC}") = "Hospital_Management_API", "Hospital_Management_API\Hospital_Management_API.csproj", "{70C3AD54-C211-498E-B014-7B2003615D24}"
EndProject
Global
	GlobalSection(SolutionConfigurationPlatforms) = preSolution
		Debug|Any CPU = Debug|Any CPU
		Release|Any CPU = Release|Any CPU
	EndGlobalSection
	GlobalSection(ProjectConfigurationPlatforms) = postSolution
		{6473DEA7-9898-4E6E-9FAA-AD75FEF7A5BC}.Debug|Any CPU.ActiveCfg = Debug|Any CPU
		{6473DEA7-9898-4E6E-9FAA-AD75FEF7A5BC}.Debug|Any CPU.Build.0 = Debug|Any CPU
		{6473DEA7-9898-4E6E-9FAA-AD75FEF7A5BC}.Release|Any CPU.ActiveCfg = Release|Any CPU
		{6473DEA7-9898-4E6E-9FAA-AD75FEF7A5BC}.Release|Any CPU.Build.0 = Release|Any CPU
		{A5628EA9-3E1A-4333-8D93-7C0DABD33D0C}.Debug|Any CPU.ActiveCfg = Debug|Any CPU
		{A5628EA9-3E1A-4333-8D93-7C0DABD33D0C}.Debug|Any CPU.Build.0 = Debug|Any CPU
		{A5628EA9-3E1A-4333-8D93-7C0DABD33D0C}.Release|Any CPU.ActiveCfg = Release|Any CPU
		{A5628EA9-3E1A-4333-8D93-7C0DABD33D0C}.Release|Any CPU.Build.0 = Release|Any CPU
		{70C3AD54-C211-498E-B014-7B2003615D24}.Debug|Any CPU.ActiveCfg = Debug|Any CPU
		{70C3AD54-C211-498E-B014-7B2003615D24}.Debug|Any CPU.Build.0 = Debug|Any CPU
		{70C3AD54-C211-498E-B014-7B2003615D24}.Release|Any CPU.ActiveCfg = Release|Any CPU
		{70C3AD54-C211-498E-B014-7B2003615D24}.Release|Any CPU.Build.0 = Release|Any CPU
	EndGlobalSection
	GlobalSection(SolutionProperties) = preSolution
		HideSolutionNode = FALSE
	EndGlobalSection
	GlobalSection(ExtensibilityGlobals) = postSolution
		SolutionGuid = {4303B122-3AE6-43C4-A38C-9C6A0CE80835}
	EndGlobalSection
EndGlobal
